
Microsoft Visual Studio Solution File, Format Version 12.00
# Visual Studio Version 17
VisualStudioVersion = 17.9.34701.34
MinimumVisualStudioVersion = 10.0.40219.1
Project("{FAE04EC0-301F-11D3-BF4B-00C04F79EFBC}") = "MyGarden-API", "MyGarden-API.csproj", "{FE22BA00-831B-4FA3-9C2E-CAF968807789}"
EndProject
Global
	GlobalSection(SolutionConfigurationPlatforms) = preSolution
		Debug|Any CPU = Debug|Any CPU
		Release|Any CPU = Release|Any CPU
	EndGlobalSection
	GlobalSection(ProjectConfigurationPlatforms) = postSolution
		{FE22BA00-831B-4FA3-9C2E-CAF968807789}.Debug|Any CPU.ActiveCfg = Debug|Any CPU
		{FE22BA00-831B-4FA3-9C2E-CAF968807789}.Debug|Any CPU.Build.0 = Debug|Any CPU
		{FE22BA00-831B-4FA3-9C2E-CAF968807789}.Release|Any CPU.ActiveCfg = Release|Any CPU
		{FE22BA00-831B-4FA3-9C2E-CAF968807789}.Release|Any CPU.Build.0 = Release|Any CPU
	EndGlobalSection
	GlobalSection(SolutionProperties) = preSolution
		HideSolutionNode = FALSE
	EndGlobalSection
	GlobalSection(ExtensibilityGlobals) = postSolution
		SolutionGuid = {56AFC513-4A03-416F-B068-4A6FB949257C}
	EndGlobalSection
EndGlobal
